// !$*UTF8*$!
{
	archiveVersion = 1;
	classes = {
	};
	objectVersion = 50;
	objects = {

/* Begin PBXBuildFile section */
		488EA6E425FFA0F80092E5D9 /* Tests_iOS.swift in Sources */ = {isa = PBXBuildFile; fileRef = 488EA6E325FFA0F80092E5D9 /* Tests_iOS.swift */; };
		488EA6EF25FFA0F80092E5D9 /* Tests_macOS.swift in Sources */ = {isa = PBXBuildFile; fileRef = 488EA6EE25FFA0F80092E5D9 /* Tests_macOS.swift */; };
		488EA6F125FFA0F80092E5D9 /* TailorApp.swift in Sources */ = {isa = PBXBuildFile; fileRef = 488EA6C825FFA0EC0092E5D9 /* TailorApp.swift */; };
		488EA6F225FFA0F80092E5D9 /* TailorApp.swift in Sources */ = {isa = PBXBuildFile; fileRef = 488EA6C825FFA0EC0092E5D9 /* TailorApp.swift */; };
		488EA6F325FFA0F80092E5D9 /* 	.swift in Sources */ = {isa = PBXBuildFile; fileRef = 488EA6C925FFA0EC0092E5D9 /* 	.swift */; };
		488EA6F425FFA0F80092E5D9 /* 	.swift in Sources */ = {isa = PBXBuildFile; fileRef = 488EA6C925FFA0EC0092E5D9 /* 	.swift */; };
		488EA6F525FFA0F80092E5D9 /* Assets.xcassets in Resources */ = {isa = PBXBuildFile; fileRef = 488EA6CA25FFA0F80092E5D9 /* Assets.xcassets */; };
		488EA6F625FFA0F80092E5D9 /* Assets.xcassets in Resources */ = {isa = PBXBuildFile; fileRef = 488EA6CA25FFA0F80092E5D9 /* Assets.xcassets */; };
/* End PBXBuildFile section */

/* Begin PBXContainerItemProxy section */
		488EA6E025FFA0F80092E5D9 /* PBXContainerItemProxy */ = {
			isa = PBXContainerItemProxy;
			containerPortal = 488EA6C325FFA0EA0092E5D9 /* Project object */;
			proxyType = 1;
			remoteGlobalIDString = 488EA6CE25FFA0F80092E5D9;
			remoteInfo = "Tailor (iOS)";
		};
		488EA6EB25FFA0F80092E5D9 /* PBXContainerItemProxy */ = {
			isa = PBXContainerItemProxy;
			containerPortal = 488EA6C325FFA0EA0092E5D9 /* Project object */;
			proxyType = 1;
			remoteGlobalIDString = 488EA6D625FFA0F80092E5D9;
			remoteInfo = "Tailor (macOS)";
		};
/* End PBXContainerItemProxy section */

/* Begin PBXFileReference section */
		488EA6C825FFA0EC0092E5D9 /* TailorApp.swift */ = {isa = PBXFileReference; lastKnownFileType = sourcecode.swift; path = TailorApp.swift; sourceTree = "<group>"; };
		488EA6C925FFA0EC0092E5D9 /* 	.swift */ = {isa = PBXFileReference; lastKnownFileType = sourcecode.swift; path = "\t.swift"; sourceTree = "<group>"; };
		488EA6CA25FFA0F80092E5D9 /* Assets.xcassets */ = {isa = PBXFileReference; lastKnownFileType = folder.assetcatalog; path = Assets.xcassets; sourceTree = "<group>"; };
		488EA6CF25FFA0F80092E5D9 /* Tailor.app */ = {isa = PBXFileReference; explicitFileType = wrapper.application; includeInIndex = 0; path = Tailor.app; sourceTree = BUILT_PRODUCTS_DIR; };
		488EA6D225FFA0F80092E5D9 /* Info.plist */ = {isa = PBXFileReference; lastKnownFileType = text.plist.xml; path = Info.plist; sourceTree = "<group>"; };
		488EA6D725FFA0F80092E5D9 /* Tailor.app */ = {isa = PBXFileReference; explicitFileType = wrapper.application; includeInIndex = 0; path = Tailor.app; sourceTree = BUILT_PRODUCTS_DIR; };
		488EA6D925FFA0F80092E5D9 /* Info.plist */ = {isa = PBXFileReference; lastKnownFileType = text.plist.xml; path = Info.plist; sourceTree = "<group>"; };
		488EA6DA25FFA0F80092E5D9 /* macOS.entitlements */ = {isa = PBXFileReference; lastKnownFileType = text.plist.entitlements; path = macOS.entitlements; sourceTree = "<group>"; };
		488EA6DF25FFA0F80092E5D9 /* Tests iOS.xctest */ = {isa = PBXFileReference; explicitFileType = wrapper.cfbundle; includeInIndex = 0; path = "Tests iOS.xctest"; sourceTree = BUILT_PRODUCTS_DIR; };
		488EA6E325FFA0F80092E5D9 /* Tests_iOS.swift */ = {isa = PBXFileReference; lastKnownFileType = sourcecode.swift; path = Tests_iOS.swift; sourceTree = "<group>"; };
		488EA6E525FFA0F80092E5D9 /* Info.plist */ = {isa = PBXFileReference; lastKnownFileType = text.plist.xml; path = Info.plist; sourceTree = "<group>"; };
		488EA6EA25FFA0F80092E5D9 /* Tests macOS.xctest */ = {isa = PBXFileReference; explicitFileType = wrapper.cfbundle; includeInIndex = 0; path = "Tests macOS.xctest"; sourceTree = BUILT_PRODUCTS_DIR; };
		488EA6EE25FFA0F80092E5D9 /* Tests_macOS.swift */ = {isa = PBXFileReference; lastKnownFileType = sourcecode.swift; path = Tests_macOS.swift; sourceTree = "<group>"; };
		488EA6F025FFA0F80092E5D9 /* Info.plist */ = {isa = PBXFileReference; lastKnownFileType = text.plist.xml; path = Info.plist; sourceTree = "<group>"; };
/* End PBXFileReference section */

/* Begin PBXFrameworksBuildPhase section */
		488EA6CC25FFA0F80092E5D9 /* Frameworks */ = {
			isa = PBXFrameworksBuildPhase;
			buildActionMask = 2147483647;
			files = (
			);
			runOnlyForDeploymentPostprocessing = 0;
		};
		488EA6D425FFA0F80092E5D9 /* Frameworks */ = {
			isa = PBXFrameworksBuildPhase;
			buildActionMask = 2147483647;
			files = (
			);
			runOnlyForDeploymentPostprocessing = 0;
		};
		488EA6DC25FFA0F80092E5D9 /* Frameworks */ = {
			isa = PBXFrameworksBuildPhase;
			buildActionMask = 2147483647;
			files = (
			);
			runOnlyForDeploymentPostprocessing = 0;
		};
		488EA6E725FFA0F80092E5D9 /* Frameworks */ = {
			isa = PBXFrameworksBuildPhase;
			buildActionMask = 2147483647;
			files = (
			);
			runOnlyForDeploymentPostprocessing = 0;
		};
/* End PBXFrameworksBuildPhase section */

/* Begin PBXGroup section */
		488EA6C225FFA0EA0092E5D9 = {
			isa = PBXGroup;
			children = (
				488EA6C725FFA0EB0092E5D9 /* Shared */,
				488EA6D125FFA0F80092E5D9 /* iOS */,
				488EA6D825FFA0F80092E5D9 /* macOS */,
				488EA6E225FFA0F80092E5D9 /* Tests iOS */,
				488EA6ED25FFA0F80092E5D9 /* Tests macOS */,
				488EA6D025FFA0F80092E5D9 /* Products */,
			);
			sourceTree = "<group>";
		};
		488EA6C725FFA0EB0092E5D9 /* Shared */ = {
			isa = PBXGroup;
			children = (
				488EA6C825FFA0EC0092E5D9 /* TailorApp.swift */,
				488EA6C925FFA0EC0092E5D9 /* 	.swift */,
				488EA6CA25FFA0F80092E5D9 /* Assets.xcassets */,
			);
			path = Shared;
			sourceTree = "<group>";
		};
		488EA6D025FFA0F80092E5D9 /* Products */ = {
			isa = PBXGroup;
			children = (
				488EA6CF25FFA0F80092E5D9 /* Tailor.app */,
				488EA6D725FFA0F80092E5D9 /* Tailor.app */,
				488EA6DF25FFA0F80092E5D9 /* Tests iOS.xctest */,
				488EA6EA25FFA0F80092E5D9 /* Tests macOS.xctest */,
			);
			name = Products;
			sourceTree = "<group>";
		};
		488EA6D125FFA0F80092E5D9 /* iOS */ = {
			isa = PBXGroup;
			children = (
				488EA6D225FFA0F80092E5D9 /* Info.plist */,
			);
			path = iOS;
			sourceTree = "<group>";
		};
		488EA6D825FFA0F80092E5D9 /* macOS */ = {
			isa = PBXGroup;
			children = (
				488EA6D925FFA0F80092E5D9 /* Info.plist */,
				488EA6DA25FFA0F80092E5D9 /* macOS.entitlements */,
			);
			path = macOS;
			sourceTree = "<group>";
		};
		488EA6E225FFA0F80092E5D9 /* Tests iOS */ = {
			isa = PBXGroup;
			children = (
				488EA6E325FFA0F80092E5D9 /* Tests_iOS.swift */,
				488EA6E525FFA0F80092E5D9 /* Info.plist */,
			);
			path = "Tests iOS";
			sourceTree = "<group>";
		};
		488EA6ED25FFA0F80092E5D9 /* Tests macOS */ = {
			isa = PBXGroup;
			children = (
				488EA6EE25FFA0F80092E5D9 /* Tests_macOS.swift */,
				488EA6F025FFA0F80092E5D9 /* Info.plist */,
			);
			path = "Tests macOS";
			sourceTree = "<group>";
		};
/* End PBXGroup section */

/* Begin PBXNativeTarget section */
		488EA6CE25FFA0F80092E5D9 /* Tailor (iOS) */ = {
			isa = PBXNativeTarget;
			buildConfigurationList = 488EA6F925FFA0F80092E5D9 /* Build configuration list for PBXNativeTarget "Tailor (iOS)" */;
			buildPhases = (
				488EA6CB25FFA0F80092E5D9 /* Sources */,
				488EA6CC25FFA0F80092E5D9 /* Frameworks */,
				488EA6CD25FFA0F80092E5D9 /* Resources */,
			);
			buildRules = (
			);
			dependencies = (
			);
			name = "Tailor (iOS)";
			productName = "Tailor (iOS)";
			productReference = 488EA6CF25FFA0F80092E5D9 /* Tailor.app */;
			productType = "com.apple.product-type.application";
		};
		488EA6D625FFA0F80092E5D9 /* Tailor (macOS) */ = {
			isa = PBXNativeTarget;
			buildConfigurationList = 488EA6FC25FFA0F80092E5D9 /* Build configuration list for PBXNativeTarget "Tailor (macOS)" */;
			buildPhases = (
				488EA6D325FFA0F80092E5D9 /* Sources */,
				488EA6D425FFA0F80092E5D9 /* Frameworks */,
				488EA6D525FFA0F80092E5D9 /* Resources */,
			);
			buildRules = (
			);
			dependencies = (
			);
			name = "Tailor (macOS)";
			productName = "Tailor (macOS)";
			productReference = 488EA6D725FFA0F80092E5D9 /* Tailor.app */;
			productType = "com.apple.product-type.application";
		};
		488EA6DE25FFA0F80092E5D9 /* Tests iOS */ = {
			isa = PBXNativeTarget;
			buildConfigurationList = 488EA6FF25FFA0F80092E5D9 /* Build configuration list for PBXNativeTarget "Tests iOS" */;
			buildPhases = (
				488EA6DB25FFA0F80092E5D9 /* Sources */,
				488EA6DC25FFA0F80092E5D9 /* Frameworks */,
				488EA6DD25FFA0F80092E5D9 /* Resources */,
			);
			buildRules = (
			);
			dependencies = (
				488EA6E125FFA0F80092E5D9 /* PBXTargetDependency */,
			);
			name = "Tests iOS";
			productName = "Tests iOS";
			productReference = 488EA6DF25FFA0F80092E5D9 /* Tests iOS.xctest */;
			productType = "com.apple.product-type.bundle.ui-testing";
		};
		488EA6E925FFA0F80092E5D9 /* Tests macOS */ = {
			isa = PBXNativeTarget;
			buildConfigurationList = 488EA70225FFA0F80092E5D9 /* Build configuration list for PBXNativeTarget "Tests macOS" */;
			buildPhases = (
				488EA6E625FFA0F80092E5D9 /* Sources */,
				488EA6E725FFA0F80092E5D9 /* Frameworks */,
				488EA6E825FFA0F80092E5D9 /* Resources */,
			);
			buildRules = (
			);
			dependencies = (
				488EA6EC25FFA0F80092E5D9 /* PBXTargetDependency */,
			);
			name = "Tests macOS";
			productName = "Tests macOS";
			productReference = 488EA6EA25FFA0F80092E5D9 /* Tests macOS.xctest */;
			productType = "com.apple.product-type.bundle.ui-testing";
		};
/* End PBXNativeTarget section */

/* Begin PBXProject section */
		488EA6C325FFA0EA0092E5D9 /* Project object */ = {
			isa = PBXProject;
			attributes = {
				LastSwiftUpdateCheck = 1240;
				LastUpgradeCheck = 1240;
				TargetAttributes = {
					488EA6CE25FFA0F80092E5D9 = {
						CreatedOnToolsVersion = 12.4;
					};
					488EA6D625FFA0F80092E5D9 = {
						CreatedOnToolsVersion = 12.4;
					};
					488EA6DE25FFA0F80092E5D9 = {
						CreatedOnToolsVersion = 12.4;
						TestTargetID = 488EA6CE25FFA0F80092E5D9;
					};
					488EA6E925FFA0F80092E5D9 = {
						CreatedOnToolsVersion = 12.4;
						TestTargetID = 488EA6D625FFA0F80092E5D9;
					};
				};
			};
			buildConfigurationList = 488EA6C625FFA0EA0092E5D9 /* Build configuration list for PBXProject "Tailor" */;
			compatibilityVersion = "Xcode 9.3";
			developmentRegion = en;
			hasScannedForEncodings = 0;
			knownRegions = (
				en,
				Base,
			);
			mainGroup = 488EA6C225FFA0EA0092E5D9;
			productRefGroup = 488EA6D025FFA0F80092E5D9 /* Products */;
			projectDirPath = "";
			projectRoot = "";
			targets = (
				488EA6CE25FFA0F80092E5D9 /* Tailor (iOS) */,
				488EA6D625FFA0F80092E5D9 /* Tailor (macOS) */,
				488EA6DE25FFA0F80092E5D9 /* Tests iOS */,
				488EA6E925FFA0F80092E5D9 /* Tests macOS */,
			);
		};
/* End PBXProject section */

/* Begin PBXResourcesBuildPhase section */
		488EA6CD25FFA0F80092E5D9 /* Resources */ = {
			isa = PBXResourcesBuildPhase;
			buildActionMask = 2147483647;
			files = (
				488EA6F525FFA0F80092E5D9 /* Assets.xcassets in Resources */,
			);
			runOnlyForDeploymentPostprocessing = 0;
		};
		488EA6D525FFA0F80092E5D9 /* Resources */ = {
			isa = PBXResourcesBuildPhase;
			buildActionMask = 2147483647;
			files = (
				488EA6F625FFA0F80092E5D9 /* Assets.xcassets in Resources */,
			);
			runOnlyForDeploymentPostprocessing = 0;
		};
		488EA6DD25FFA0F80092E5D9 /* Resources */ = {
			isa = PBXResourcesBuildPhase;
			buildActionMask = 2147483647;
			files = (
			);
			runOnlyForDeploymentPostprocessing = 0;
		};
		488EA6E825FFA0F80092E5D9 /* Resources */ = {
			isa = PBXResourcesBuildPhase;
			buildActionMask = 2147483647;
			files = (
			);
			runOnlyForDeploymentPostprocessing = 0;
		};
/* End PBXResourcesBuildPhase section */

/* Begin PBXSourcesBuildPhase section */
		488EA6CB25FFA0F80092E5D9 /* Sources */ = {
			isa = PBXSourcesBuildPhase;
			buildActionMask = 2147483647;
			files = (
				488EA6F325FFA0F80092E5D9 /* 	.swift in Sources */,
				488EA6F125FFA0F80092E5D9 /* TailorApp.swift in Sources */,
			);
			runOnlyForDeploymentPostprocessing = 0;
		};
		488EA6D325FFA0F80092E5D9 /* Sources */ = {
			isa = PBXSourcesBuildPhase;
			buildActionMask = 2147483647;
			files = (
				488EA6F425FFA0F80092E5D9 /* 	.swift in Sources */,
				488EA6F225FFA0F80092E5D9 /* TailorApp.swift in Sources */,
			);
			runOnlyForDeploymentPostprocessing = 0;
		};
		488EA6DB25FFA0F80092E5D9 /* Sources */ = {
			isa = PBXSourcesBuildPhase;
			buildActionMask = 2147483647;
			files = (
				488EA6E425FFA0F80092E5D9 /* Tests_iOS.swift in Sources */,
			);
			runOnlyForDeploymentPostprocessing = 0;
		};
		488EA6E625FFA0F80092E5D9 /* Sources */ = {
			isa = PBXSourcesBuildPhase;
			buildActionMask = 2147483647;
			files = (
				488EA6EF25FFA0F80092E5D9 /* Tests_macOS.swift in Sources */,
			);
			runOnlyForDeploymentPostprocessing = 0;
		};
/* End PBXSourcesBuildPhase section */

/* Begin PBXTargetDependency section */
		488EA6E125FFA0F80092E5D9 /* PBXTargetDependency */ = {
			isa = PBXTargetDependency;
			target = 488EA6CE25FFA0F80092E5D9 /* Tailor (iOS) */;
			targetProxy = 488EA6E025FFA0F80092E5D9 /* PBXContainerItemProxy */;
		};
		488EA6EC25FFA0F80092E5D9 /* PBXTargetDependency */ = {
			isa = PBXTargetDependency;
			target = 488EA6D625FFA0F80092E5D9 /* Tailor (macOS) */;
			targetProxy = 488EA6EB25FFA0F80092E5D9 /* PBXContainerItemProxy */;
		};
/* End PBXTargetDependency section */

/* Begin XCBuildConfiguration section */
		488EA6F725FFA0F80092E5D9 /* Debug */ = {
			isa = XCBuildConfiguration;
			buildSettings = {
				ALWAYS_SEARCH_USER_PATHS = NO;
				CLANG_ANALYZER_NONNULL = YES;
				CLANG_ANALYZER_NUMBER_OBJECT_CONVERSION = YES_AGGRESSIVE;
				CLANG_CXX_LANGUAGE_STANDARD = "gnu++14";
				CLANG_CXX_LIBRARY = "libc++";
				CLANG_ENABLE_MODULES = YES;
				CLANG_ENABLE_OBJC_ARC = YES;
				CLANG_ENABLE_OBJC_WEAK = YES;
				CLANG_WARN_BLOCK_CAPTURE_AUTORELEASING = YES;
				CLANG_WARN_BOOL_CONVERSION = YES;
				CLANG_WARN_COMMA = YES;
				CLANG_WARN_CONSTANT_CONVERSION = YES;
				CLANG_WARN_DEPRECATED_OBJC_IMPLEMENTATIONS = YES;
				CLANG_WARN_DIRECT_OBJC_ISA_USAGE = YES_ERROR;
				CLANG_WARN_DOCUMENTATION_COMMENTS = YES;
				CLANG_WARN_EMPTY_BODY = YES;
				CLANG_WARN_ENUM_CONVERSION = YES;
				CLANG_WARN_INFINITE_RECURSION = YES;
				CLANG_WARN_INT_CONVERSION = YES;
				CLANG_WARN_NON_LITERAL_NULL_CONVERSION = YES;
				CLANG_WARN_OBJC_IMPLICIT_RETAIN_SELF = YES;
				CLANG_WARN_OBJC_LITERAL_CONVERSION = YES;
				CLANG_WARN_OBJC_ROOT_CLASS = YES_ERROR;
				CLANG_WARN_QUOTED_INCLUDE_IN_FRAMEWORK_HEADER = YES;
				CLANG_WARN_RANGE_LOOP_ANALYSIS = YES;
				CLANG_WARN_STRICT_PROTOTYPES = YES;
				CLANG_WARN_SUSPICIOUS_MOVE = YES;
				CLANG_WARN_UNGUARDED_AVAILABILITY = YES_AGGRESSIVE;
				CLANG_WARN_UNREACHABLE_CODE = YES;
				CLANG_WARN__DUPLICATE_METHOD_MATCH = YES;
				COPY_PHASE_STRIP = NO;
				DEBUG_INFORMATION_FORMAT = dwarf;
				ENABLE_STRICT_OBJC_MSGSEND = YES;
				ENABLE_TESTABILITY = YES;
				GCC_C_LANGUAGE_STANDARD = gnu11;
				GCC_DYNAMIC_NO_PIC = NO;
				GCC_NO_COMMON_BLOCKS = YES;
				GCC_OPTIMIZATION_LEVEL = 0;
				GCC_PREPROCESSOR_DEFINITIONS = (
					"DEBUG=1",
					"$(inherited)",
				);
				GCC_WARN_64_TO_32_BIT_CONVERSION = YES;
				GCC_WARN_ABOUT_RETURN_TYPE = YES_ERROR;
				GCC_WARN_UNDECLARED_SELECTOR = YES;
				GCC_WARN_UNINITIALIZED_AUTOS = YES_AGGRESSIVE;
				GCC_WARN_UNUSED_FUNCTION = YES;
				GCC_WARN_UNUSED_VARIABLE = YES;
				MTL_ENABLE_DEBUG_INFO = INCLUDE_SOURCE;
				MTL_FAST_MATH = YES;
				ONLY_ACTIVE_ARCH = YES;
				SWIFT_ACTIVE_COMPILATION_CONDITIONS = DEBUG;
				SWIFT_OPTIMIZATION_LEVEL = "-Onone";
			};
			name = Debug;
		};
		488EA6F825FFA0F80092E5D9 /* Release */ = {
			isa = XCBuildConfiguration;
			buildSettings = {
				ALWAYS_SEARCH_USER_PATHS = NO;
				CLANG_ANALYZER_NONNULL = YES;
				CLANG_ANALYZER_NUMBER_OBJECT_CONVERSION = YES_AGGRESSIVE;
				CLANG_CXX_LANGUAGE_STANDARD = "gnu++14";
				CLANG_CXX_LIBRARY = "libc++";
				CLANG_ENABLE_MODULES = YES;
				CLANG_ENABLE_OBJC_ARC = YES;
				CLANG_ENABLE_OBJC_WEAK = YES;
				CLANG_WARN_BLOCK_CAPTURE_AUTORELEASING = YES;
				CLANG_WARN_BOOL_CONVERSION = YES;
				CLANG_WARN_COMMA = YES;
				CLANG_WARN_CONSTANT_CONVERSION = YES;
				CLANG_WARN_DEPRECATED_OBJC_IMPLEMENTATIONS = YES;
				CLANG_WARN_DIRECT_OBJC_ISA_USAGE = YES_ERROR;
				CLANG_WARN_DOCUMENTATION_COMMENTS = YES;
				CLANG_WARN_EMPTY_BODY = YES;
				CLANG_WARN_ENUM_CONVERSION = YES;
				CLANG_WARN_INFINITE_RECURSION = YES;
				CLANG_WARN_INT_CONVERSION = YES;
				CLANG_WARN_NON_LITERAL_NULL_CONVERSION = YES;
				CLANG_WARN_OBJC_IMPLICIT_RETAIN_SELF = YES;
				CLANG_WARN_OBJC_LITERAL_CONVERSION = YES;
				CLANG_WARN_OBJC_ROOT_CLASS = YES_ERROR;
				CLANG_WARN_QUOTED_INCLUDE_IN_FRAMEWORK_HEADER = YES;
				CLANG_WARN_RANGE_LOOP_ANALYSIS = YES;
				CLANG_WARN_STRICT_PROTOTYPES = YES;
				CLANG_WARN_SUSPICIOUS_MOVE = YES;
				CLANG_WARN_UNGUARDED_AVAILABILITY = YES_AGGRESSIVE;
				CLANG_WARN_UNREACHABLE_CODE = YES;
				CLANG_WARN__DUPLICATE_METHOD_MATCH = YES;
				COPY_PHASE_STRIP = NO;
				DEBUG_INFORMATION_FORMAT = "dwarf-with-dsym";
				ENABLE_NS_ASSERTIONS = NO;
				ENABLE_STRICT_OBJC_MSGSEND = YES;
				GCC_C_LANGUAGE_STANDARD = gnu11;
				GCC_NO_COMMON_BLOCKS = YES;
				GCC_WARN_64_TO_32_BIT_CONVERSION = YES;
				GCC_WARN_ABOUT_RETURN_TYPE = YES_ERROR;
				GCC_WARN_UNDECLARED_SELECTOR = YES;
				GCC_WARN_UNINITIALIZED_AUTOS = YES_AGGRESSIVE;
				GCC_WARN_UNUSED_FUNCTION = YES;
				GCC_WARN_UNUSED_VARIABLE = YES;
				MTL_ENABLE_DEBUG_INFO = NO;
				MTL_FAST_MATH = YES;
				SWIFT_COMPILATION_MODE = wholemodule;
				SWIFT_OPTIMIZATION_LEVEL = "-O";
			};
			name = Release;
		};
		488EA6FA25FFA0F80092E5D9 /* Debug */ = {
			isa = XCBuildConfiguration;
			buildSettings = {
				ASSETCATALOG_COMPILER_APPICON_NAME = AppIcon;
				ASSETCATALOG_COMPILER_GLOBAL_ACCENT_COLOR_NAME = AccentColor;
				CODE_SIGN_STYLE = Automatic;
				ENABLE_PREVIEWS = YES;
				INFOPLIST_FILE = iOS/Info.plist;
				IPHONEOS_DEPLOYMENT_TARGET = 14.0;
				LD_RUNPATH_SEARCH_PATHS = (
					"$(inherited)",
					"@executable_path/Frameworks",
				);
				PRODUCT_BUNDLE_IDENTIFIER = oyebudha.Tailor;
				PRODUCT_NAME = Tailor;
				SDKROOT = iphoneos;
				SWIFT_VERSION = 5.0;
				TARGETED_DEVICE_FAMILY = "1,2";
			};
			name = Debug;
		};
		488EA6FB25FFA0F80092E5D9 /* Release */ = {
			isa = XCBuildConfiguration;
			buildSettings = {
				ASSETCATALOG_COMPILER_APPICON_NAME = AppIcon;
				ASSETCATALOG_COMPILER_GLOBAL_ACCENT_COLOR_NAME = AccentColor;
				CODE_SIGN_STYLE = Automatic;
				ENABLE_PREVIEWS = YES;
				INFOPLIST_FILE = iOS/Info.plist;
				IPHONEOS_DEPLOYMENT_TARGET = 14.0;
				LD_RUNPATH_SEARCH_PATHS = (
					"$(inherited)",
					"@executable_path/Frameworks",
				);
				PRODUCT_BUNDLE_IDENTIFIER = oyebudha.Tailor;
				PRODUCT_NAME = Tailor;
				SDKROOT = iphoneos;
				SWIFT_VERSION = 5.0;
				TARGETED_DEVICE_FAMILY = "1,2";
				VALIDATE_PRODUCT = YES;
			};
			name = Release;
		};
		488EA6FD25FFA0F80092E5D9 /* Debug */ = {
			isa = XCBuildConfiguration;
			buildSettings = {
				ASSETCATALOG_COMPILER_APPICON_NAME = AppIcon;
				ASSETCATALOG_COMPILER_GLOBAL_ACCENT_COLOR_NAME = AccentColor;
				CODE_SIGN_ENTITLEMENTS = macOS/macOS.entitlements;
				CODE_SIGN_STYLE = Automatic;
				COMBINE_HIDPI_IMAGES = YES;
				ENABLE_PREVIEWS = YES;
				INFOPLIST_FILE = macOS/Info.plist;
				LD_RUNPATH_SEARCH_PATHS = (
					"$(inherited)",
					"@executable_path/../Frameworks",
				);
				MACOSX_DEPLOYMENT_TARGET = 11.0;
				PRODUCT_BUNDLE_IDENTIFIER = oyebudha.Tailor;
				PRODUCT_NAME = Tailor;
				SDKROOT = macosx;
				SWIFT_VERSION = 5.0;
			};
			name = Debug;
		};
		488EA6FE25FFA0F80092E5D9 /* Release */ = {
			isa = XCBuildConfiguration;
			buildSettings = {
				ASSETCATALOG_COMPILER_APPICON_NAME = AppIcon;
				ASSETCATALOG_COMPILER_GLOBAL_ACCENT_COLOR_NAME = AccentColor;
				CODE_SIGN_ENTITLEMENTS = macOS/macOS.entitlements;
				CODE_SIGN_STYLE = Automatic;
				COMBINE_HIDPI_IMAGES = YES;
				ENABLE_PREVIEWS = YES;
				INFOPLIST_FILE = macOS/Info.plist;
				LD_RUNPATH_SEARCH_PATHS = (
					"$(inherited)",
					"@executable_path/../Frameworks",
				);
				MACOSX_DEPLOYMENT_TARGET = 11.0;
				PRODUCT_BUNDLE_IDENTIFIER = oyebudha.Tailor;
				PRODUCT_NAME = Tailor;
				SDKROOT = macosx;
				SWIFT_VERSION = 5.0;
			};
			name = Release;
		};
		488EA70025FFA0F80092E5D9 /* Debug */ = {
			isa = XCBuildConfiguration;
			buildSettings = {
				ALWAYS_EMBED_SWIFT_STANDARD_LIBRARIES = YES;
				CODE_SIGN_STYLE = Automatic;
				INFOPLIST_FILE = "Tests iOS/Info.plist";
				IPHONEOS_DEPLOYMENT_TARGET = 14.4;
				LD_RUNPATH_SEARCH_PATHS = (
					"$(inherited)",
					"@executable_path/Frameworks",
					"@loader_path/Frameworks",
				);
				PRODUCT_BUNDLE_IDENTIFIER = "oyebudha.Tests-iOS";
				PRODUCT_NAME = "$(TARGET_NAME)";
				SDKROOT = iphoneos;
				SWIFT_VERSION = 5.0;
				TARGETED_DEVICE_FAMILY = "1,2";
				TEST_TARGET_NAME = "Tailor (iOS)";
			};
			name = Debug;
		};
		488EA70125FFA0F80092E5D9 /* Release */ = {
			isa = XCBuildConfiguration;
			buildSettings = {
				ALWAYS_EMBED_SWIFT_STANDARD_LIBRARIES = YES;
				CODE_SIGN_STYLE = Automatic;
				INFOPLIST_FILE = "Tests iOS/Info.plist";
				IPHONEOS_DEPLOYMENT_TARGET = 14.4;
				LD_RUNPATH_SEARCH_PATHS = (
					"$(inherited)",
					"@executable_path/Frameworks",
					"@loader_path/Frameworks",
				);
				PRODUCT_BUNDLE_IDENTIFIER = "oyebudha.Tests-iOS";
				PRODUCT_NAME = "$(TARGET_NAME)";
				SDKROOT = iphoneos;
				SWIFT_VERSION = 5.0;
				TARGETED_DEVICE_FAMILY = "1,2";
				TEST_TARGET_NAME = "Tailor (iOS)";
				VALIDATE_PRODUCT = YES;
			};
			name = Release;
		};
		488EA70325FFA0F80092E5D9 /* Debug */ = {
			isa = XCBuildConfiguration;
			buildSettings = {
				ALWAYS_EMBED_SWIFT_STANDARD_LIBRARIES = YES;
				CODE_SIGN_STYLE = Automatic;
				COMBINE_HIDPI_IMAGES = YES;
				INFOPLIST_FILE = "Tests macOS/Info.plist";
				LD_RUNPATH_SEARCH_PATHS = (
					"$(inherited)",
					"@executable_path/../Frameworks",
					"@loader_path/../Frameworks",
				);
				MACOSX_DEPLOYMENT_TARGET = 11.0;
				PRODUCT_BUNDLE_IDENTIFIER = "oyebudha.Tests-macOS";
				PRODUCT_NAME = "$(TARGET_NAME)";
				SDKROOT = macosx;
				SWIFT_VERSION = 5.0;
				TEST_TARGET_NAME = "Tailor (macOS)";
			};
			name = Debug;
		};
		488EA70425FFA0F80092E5D9 /* Release */ = {
			isa = XCBuildConfiguration;
			buildSettings = {
				ALWAYS_EMBED_SWIFT_STANDARD_LIBRARIES = YES;
				CODE_SIGN_STYLE = Automatic;
				COMBINE_HIDPI_IMAGES = YES;
				INFOPLIST_FILE = "Tests macOS/Info.plist";
				LD_RUNPATH_SEARCH_PATHS = (
					"$(inherited)",
					"@executable_path/../Frameworks",
					"@loader_path/../Frameworks",
				);
				MACOSX_DEPLOYMENT_TARGET = 11.0;
				PRODUCT_BUNDLE_IDENTIFIER = "oyebudha.Tests-macOS";
				PRODUCT_NAME = "$(TARGET_NAME)";
				SDKROOT = macosx;
				SWIFT_VERSION = 5.0;
				TEST_TARGET_NAME = "Tailor (macOS)";
			};
			name = Release;
		};
/* End XCBuildConfiguration section */

/* Begin XCConfigurationList section */
		488EA6C625FFA0EA0092E5D9 /* Build configuration list for PBXProject "Tailor" */ = {
			isa = XCConfigurationList;
			buildConfigurations = (
				488EA6F725FFA0F80092E5D9 /* Debug */,
				488EA6F825FFA0F80092E5D9 /* Release */,
			);
			defaultConfigurationIsVisible = 0;
			defaultConfigurationName = Release;
		};
		488EA6F925FFA0F80092E5D9 /* Build configuration list for PBXNativeTarget "Tailor (iOS)" */ = {
			isa = XCConfigurationList;
			buildConfigurations = (
				488EA6FA25FFA0F80092E5D9 /* Debug */,
				488EA6FB25FFA0F80092E5D9 /* Release */,
			);
			defaultConfigurationIsVisible = 0;
			defaultConfigurationName = Release;
		};
		488EA6FC25FFA0F80092E5D9 /* Build configuration list for PBXNativeTarget "Tailor (macOS)" */ = {
			isa = XCConfigurationList;
			buildConfigurations = (
				488EA6FD25FFA0F80092E5D9 /* Debug */,
				488EA6FE25FFA0F80092E5D9 /* Release */,
			);
			defaultConfigurationIsVisible = 0;
			defaultConfigurationName = Release;
		};
		488EA6FF25FFA0F80092E5D9 /* Build configuration list for PBXNativeTarget "Tests iOS" */ = {
			isa = XCConfigurationList;
			buildConfigurations = (
				488EA70025FFA0F80092E5D9 /* Debug */,
				488EA70125FFA0F80092E5D9 /* Release */,
			);
			defaultConfigurationIsVisible = 0;
			defaultConfigurationName = Release;
		};
		488EA70225FFA0F80092E5D9 /* Build configuration list for PBXNativeTarget "Tests macOS" */ = {
			isa = XCConfigurationList;
			buildConfigurations = (
				488EA70325FFA0F80092E5D9 /* Debug */,
				488EA70425FFA0F80092E5D9 /* Release */,
			);
			defaultConfigurationIsVisible = 0;
			defaultConfigurationName = Release;
		};
/* End XCConfigurationList section */
	};
	rootObject = 488EA6C325FFA0EA0092E5D9 /* Project object */;
}
